
Microsoft Visual Studio Solution File, Format Version 12.00
# Visual Studio Version 16
VisualStudioVersion = 16.0.31005.135
MinimumVisualStudioVersion = 10.0.40219.1
Project("{FAE04EC0-301F-11D3-BF4B-00C04F79EFBC}") = "GDRPC Inject", "GDRPC Inject.csproj", "{32F6B082-2B08-4066-B162-46D1ED6DB3FF}"
EndProject
Global
	GlobalSection(SolutionConfigurationPlatforms) = preSolution
		Debug|Any CPU = Debug|Any CPU
		Release|Any CPU = Release|Any CPU
	EndGlobalSection
	GlobalSection(ProjectConfigurationPlatforms) = postSolution
		{32F6B082-2B08-4066-B162-46D1ED6DB3FF}.Debug|Any CPU.ActiveCfg = Debug|Any CPU
		{32F6B082-2B08-4066-B162-46D1ED6DB3FF}.Debug|Any CPU.Build.0 = Debug|Any CPU
		{32F6B082-2B08-4066-B162-46D1ED6DB3FF}.Release|Any CPU.ActiveCfg = Release|Any CPU
		{32F6B082-2B08-4066-B162-46D1ED6DB3FF}.Release|Any CPU.Build.0 = Release|Any CPU
	EndGlobalSection
	GlobalSection(SolutionProperties) = preSolution
		HideSolutionNode = FALSE
	EndGlobalSection
	GlobalSection(ExtensibilityGlobals) = postSolution
		SolutionGuid = {52B21F35-AE82-42D7-9013-8A0800376883}
	EndGlobalSection
EndGlobal
